
Microsoft Visual Studio Solution File, Format Version 12.00
# Visual Studio Version 17
VisualStudioVersion = 17.7.34024.191
MinimumVisualStudioVersion = 10.0.40219.1
Project("{FAE04EC0-301F-11D3-BF4B-00C04F79EFBC}") = "FurnitureStore.API", "FurnitureStore.API\FurnitureStore.API.csproj", "{FBA6828C-C9B5-4752-92D2-C45D6E457EE2}"
EndProject
Project("{FAE04EC0-301F-11D3-BF4B-00C04F79EFBC}") = "FurnitureStore.Shared", "FurnitureStore.Shared\FurnitureStore.Shared.csproj", "{A062BB63-4323-4DC0-A4D4-9EBDA4639B1E}"
EndProject
Project("{FAE04EC0-301F-11D3-BF4B-00C04F79EFBC}") = "FurnitureStore.Data", "FurnitureStore.Data\FurnitureStore.Data.csproj", "{DA965060-046D-4DE8-AFAF-DCDD3BA784BC}"
EndProject
Global
	GlobalSection(SolutionConfigurationPlatforms) = preSolution
		Debug|Any CPU = Debug|Any CPU
		Release|Any CPU = Release|Any CPU
	EndGlobalSection
	GlobalSection(ProjectConfigurationPlatforms) = postSolution
		{FBA6828C-C9B5-4752-92D2-C45D6E457EE2}.Debug|Any CPU.ActiveCfg = Debug|Any CPU
		{FBA6828C-C9B5-4752-92D2-C45D6E457EE2}.Debug|Any CPU.Build.0 = Debug|Any CPU
		{FBA6828C-C9B5-4752-92D2-C45D6E457EE2}.Release|Any CPU.ActiveCfg = Release|Any CPU
		{FBA6828C-C9B5-4752-92D2-C45D6E457EE2}.Release|Any CPU.Build.0 = Release|Any CPU
		{A062BB63-4323-4DC0-A4D4-9EBDA4639B1E}.Debug|Any CPU.ActiveCfg = Debug|Any CPU
		{A062BB63-4323-4DC0-A4D4-9EBDA4639B1E}.Debug|Any CPU.Build.0 = Debug|Any CPU
		{A062BB63-4323-4DC0-A4D4-9EBDA4639B1E}.Release|Any CPU.ActiveCfg = Release|Any CPU
		{A062BB63-4323-4DC0-A4D4-9EBDA4639B1E}.Release|Any CPU.Build.0 = Release|Any CPU
		{DA965060-046D-4DE8-AFAF-DCDD3BA784BC}.Debug|Any CPU.ActiveCfg = Debug|Any CPU
		{DA965060-046D-4DE8-AFAF-DCDD3BA784BC}.Debug|Any CPU.Build.0 = Debug|Any CPU
		{DA965060-046D-4DE8-AFAF-DCDD3BA784BC}.Release|Any CPU.ActiveCfg = Release|Any CPU
		{DA965060-046D-4DE8-AFAF-DCDD3BA784BC}.Release|Any CPU.Build.0 = Release|Any CPU
	EndGlobalSection
	GlobalSection(SolutionProperties) = preSolution
		HideSolutionNode = FALSE
	EndGlobalSection
	GlobalSection(ExtensibilityGlobals) = postSolution
		SolutionGuid = {F0286E72-C664-466B-8B7D-F3238D11F1AB}
	EndGlobalSection
EndGlobal
